
Microsoft Visual Studio Solution File, Format Version 12.00
# Visual Studio Version 16
VisualStudioVersion = 16.0.32630.194
MinimumVisualStudioVersion = 10.0.40219.1
Project("{FAE04EC0-301F-11D3-BF4B-00C04F79EFBC}") = "PersonalSami", "PersonalSami\PersonalSami.csproj", "{7674E36C-0061-4EE9-96CB-15D811CF30F5}"
EndProject
Project("{FAE04EC0-301F-11D3-BF4B-00C04F79EFBC}") = "PersonalSami.Entity", "PersonalSami.Entity\PersonalSami.Entity.csproj", "{FF010C05-C8C5-4949-9317-E0002F2965FA}"
EndProject
Project("{FAE04EC0-301F-11D3-BF4B-00C04F79EFBC}") = "PersonalSami.Services", "PersonalSami.Services\PersonalSami.Services.csproj", "{711D9601-A2D0-4384-BA33-711D1FDB657B}"
EndProject
Project("{FAE04EC0-301F-11D3-BF4B-00C04F79EFBC}") = "PersonalSami.Persistence", "PersonalSami.Persistence\PersonalSami.Persistence.csproj", "{3316814D-11B1-4D56-892C-A4E8E56738E2}"
EndProject
Global
	GlobalSection(SolutionConfigurationPlatforms) = preSolution
		Debug|Any CPU = Debug|Any CPU
		Release|Any CPU = Release|Any CPU
	EndGlobalSection
	GlobalSection(ProjectConfigurationPlatforms) = postSolution
		{7674E36C-0061-4EE9-96CB-15D811CF30F5}.Debug|Any CPU.ActiveCfg = Debug|Any CPU
		{7674E36C-0061-4EE9-96CB-15D811CF30F5}.Debug|Any CPU.Build.0 = Debug|Any CPU
		{7674E36C-0061-4EE9-96CB-15D811CF30F5}.Release|Any CPU.ActiveCfg = Release|Any CPU
		{7674E36C-0061-4EE9-96CB-15D811CF30F5}.Release|Any CPU.Build.0 = Release|Any CPU
		{FF010C05-C8C5-4949-9317-E0002F2965FA}.Debug|Any CPU.ActiveCfg = Debug|Any CPU
		{FF010C05-C8C5-4949-9317-E0002F2965FA}.Debug|Any CPU.Build.0 = Debug|Any CPU
		{FF010C05-C8C5-4949-9317-E0002F2965FA}.Release|Any CPU.ActiveCfg = Release|Any CPU
		{FF010C05-C8C5-4949-9317-E0002F2965FA}.Release|Any CPU.Build.0 = Release|Any CPU
		{711D9601-A2D0-4384-BA33-711D1FDB657B}.Debug|Any CPU.ActiveCfg = Debug|Any CPU
		{711D9601-A2D0-4384-BA33-711D1FDB657B}.Debug|Any CPU.Build.0 = Debug|Any CPU
		{711D9601-A2D0-4384-BA33-711D1FDB657B}.Release|Any CPU.ActiveCfg = Release|Any CPU
		{711D9601-A2D0-4384-BA33-711D1FDB657B}.Release|Any CPU.Build.0 = Release|Any CPU
		{3316814D-11B1-4D56-892C-A4E8E56738E2}.Debug|Any CPU.ActiveCfg = Debug|Any CPU
		{3316814D-11B1-4D56-892C-A4E8E56738E2}.Debug|Any CPU.Build.0 = Debug|Any CPU
		{3316814D-11B1-4D56-892C-A4E8E56738E2}.Release|Any CPU.ActiveCfg = Release|Any CPU
		{3316814D-11B1-4D56-892C-A4E8E56738E2}.Release|Any CPU.Build.0 = Release|Any CPU
	EndGlobalSection
	GlobalSection(SolutionProperties) = preSolution
		HideSolutionNode = FALSE
	EndGlobalSection
	GlobalSection(ExtensibilityGlobals) = postSolution
		SolutionGuid = {7CC220EB-FC18-441E-B082-186B87F3844B}
	EndGlobalSection
EndGlobal
